Microsoft Visual Studio Solution File, Format Version 11.00
# Visual Studio 2017

Project("{8BC9CEB8-8B4A-11D0-8D11-00A0C91BC942}") = "Roboverb - Standalone Plugin", "Roboverb_StandalonePlugin.vcxproj", "{037E4466-17F0-E0A8-5A86-BB7BF2F7D9E0}"
	ProjectSection(ProjectDependencies) = postProject
		{9E678E8D-5A93-3668-A052-8BC45472B244} = {9E678E8D-5A93-3668-A052-8BC45472B244}
	EndProjectSection
EndProject
Project("{8BC9CEB8-8B4A-11D0-8D11-00A0C91BC942}") = "Roboverb - VST", "Roboverb_VST.vcxproj", "{DC52F615-CC05-2DA6-9CB7-6DAD996EF1A2}"
	ProjectSection(ProjectDependencies) = postProject
		{9E678E8D-5A93-3668-A052-8BC45472B244} = {9E678E8D-5A93-3668-A052-8BC45472B244}
	EndProjectSection
EndProject
Project("{8BC9CEB8-8B4A-11D0-8D11-00A0C91BC942}") = "Roboverb - VST3", "Roboverb_VST3.vcxproj", "{FB8B8834-D6D2-ACD4-DA83-F3C6175B21E9}"
	ProjectSection(ProjectDependencies) = postProject
		{9E678E8D-5A93-3668-A052-8BC45472B244} = {9E678E8D-5A93-3668-A052-8BC45472B244}
	EndProjectSection
EndProject
Project("{8BC9CEB8-8B4A-11D0-8D11-00A0C91BC942}") = "Roboverb - Shared Code", "Roboverb_SharedCode.vcxproj", "{9E678E8D-5A93-3668-A052-8BC45472B244}"
EndProject
Global
	GlobalSection(SolutionConfigurationPlatforms) = preSolution
		Debug|Win32 = Debug|Win32
		Release|Win32 = Release|Win32
		Debug|x64 = Debug|x64
		Release|x64 = Release|x64
	EndGlobalSection
	GlobalSection(ProjectConfigurationPlatforms) = postSolution
		{DC52F615-CC05-2DA6-9CB7-6DAD996EF1A2}.Debug|Win32.ActiveCfg = Debug|Win32
		{DC52F615-CC05-2DA6-9CB7-6DAD996EF1A2}.Debug|Win32.Build.0 = Debug|Win32
		{DC52F615-CC05-2DA6-9CB7-6DAD996EF1A2}.Release|Win32.ActiveCfg = Release|Win32
		{DC52F615-CC05-2DA6-9CB7-6DAD996EF1A2}.Release|Win32.Build.0 = Release|Win32
		{DC52F615-CC05-2DA6-9CB7-6DAD996EF1A2}.Debug|x64.ActiveCfg = Debug|x64
		{DC52F615-CC05-2DA6-9CB7-6DAD996EF1A2}.Debug|x64.Build.0 = Debug|x64
		{DC52F615-CC05-2DA6-9CB7-6DAD996EF1A2}.Release|x64.ActiveCfg = Release|x64
		{DC52F615-CC05-2DA6-9CB7-6DAD996EF1A2}.Release|x64.Build.0 = Release|x64
		{FB8B8834-D6D2-ACD4-DA83-F3C6175B21E9}.Debug|Win32.ActiveCfg = Debug|Win32
		{FB8B8834-D6D2-ACD4-DA83-F3C6175B21E9}.Debug|Win32.Build.0 = Debug|Win32
		{FB8B8834-D6D2-ACD4-DA83-F3C6175B21E9}.Release|Win32.ActiveCfg = Release|Win32
		{FB8B8834-D6D2-ACD4-DA83-F3C6175B21E9}.Release|Win32.Build.0 = Release|Win32
		{FB8B8834-D6D2-ACD4-DA83-F3C6175B21E9}.Debug|x64.ActiveCfg = Debug|x64
		{FB8B8834-D6D2-ACD4-DA83-F3C6175B21E9}.Debug|x64.Build.0 = Debug|x64
		{FB8B8834-D6D2-ACD4-DA83-F3C6175B21E9}.Release|x64.ActiveCfg = Release|x64
		{FB8B8834-D6D2-ACD4-DA83-F3C6175B21E9}.Release|x64.Build.0 = Release|x64
		{037E4466-17F0-E0A8-5A86-BB7BF2F7D9E0}.Debug|Win32.ActiveCfg = Debug|Win32
		{037E4466-17F0-E0A8-5A86-BB7BF2F7D9E0}.Debug|Win32.Build.0 = Debug|Win32
		{037E4466-17F0-E0A8-5A86-BB7BF2F7D9E0}.Release|Win32.ActiveCfg = Release|Win32
		{037E4466-17F0-E0A8-5A86-BB7BF2F7D9E0}.Release|Win32.Build.0 = Release|Win32
		{037E4466-17F0-E0A8-5A86-BB7BF2F7D9E0}.Debug|x64.ActiveCfg = Debug|x64
		{037E4466-17F0-E0A8-5A86-BB7BF2F7D9E0}.Debug|x64.Build.0 = Debug|x64
		{037E4466-17F0-E0A8-5A86-BB7BF2F7D9E0}.Release|x64.ActiveCfg = Release|x64
		{037E4466-17F0-E0A8-5A86-BB7BF2F7D9E0}.Release|x64.Build.0 = Release|x64
		{9E678E8D-5A93-3668-A052-8BC45472B244}.Debug|Win32.ActiveCfg = Debug|Win32
		{9E678E8D-5A93-3668-A052-8BC45472B244}.Debug|Win32.Build.0 = Debug|Win32
		{9E678E8D-5A93-3668-A052-8BC45472B244}.Release|Win32.ActiveCfg = Release|Win32
		{9E678E8D-5A93-3668-A052-8BC45472B244}.Release|Win32.Build.0 = Release|Win32
		{9E678E8D-5A93-3668-A052-8BC45472B244}.Debug|x64.ActiveCfg = Debug|x64
		{9E678E8D-5A93-3668-A052-8BC45472B244}.Debug|x64.Build.0 = Debug|x64
		{9E678E8D-5A93-3668-A052-8BC45472B244}.Release|x64.ActiveCfg = Release|x64
		{9E678E8D-5A93-3668-A052-8BC45472B244}.Release|x64.Build.0 = Release|x64
	EndGlobalSection
	GlobalSection(SolutionProperties) = preSolution
		HideSolutionNode = FALSE
	EndGlobalSection
EndGlobal
