Microsoft Visual Studio Solution File, Format Version 11.00
# Visual Studio 2013
Project("{BF7B9609-CB21-4E69-2030-BED51168C7E4}") = "Roboverb", "Roboverb.vcxproj", "{09EF2654-0811-1EAC-13CE-16B388FB1549}"
EndProject
Global
	GlobalSection(SolutionConfigurationPlatforms) = preSolution
		Debug|Win32 = Debug|Win32
		Release|Win32 = Release|Win32
		Demo|Win32 = Demo|Win32
	EndGlobalSection
	GlobalSection(ProjectConfigurationPlatforms) = postSolution
		{09EF2654-0811-1EAC-13CE-16B388FB1549}.Debug|Win32.ActiveCfg = Debug|Win32
		{09EF2654-0811-1EAC-13CE-16B388FB1549}.Debug|Win32.Build.0 = Debug|Win32
		{09EF2654-0811-1EAC-13CE-16B388FB1549}.Release|Win32.ActiveCfg = Release|Win32
		{09EF2654-0811-1EAC-13CE-16B388FB1549}.Release|Win32.Build.0 = Release|Win32
		{09EF2654-0811-1EAC-13CE-16B388FB1549}.Demo|Win32.ActiveCfg = Demo|Win32
		{09EF2654-0811-1EAC-13CE-16B388FB1549}.Demo|Win32.Build.0 = Demo|Win32
	EndGlobalSection
	GlobalSection(SolutionProperties) = preSolution
		HideSolutionNode = FALSE
	EndGlobalSection
EndGlobal
